// !$*UTF8*$!
{
	archiveVersion = 1;
	classes = {
	};
	objectVersion = 50;
	objects = {

/* Begin PBXBuildFile section */
		3D17751F24A0604C00A4C7B5 /* UIResponder+Extensions.swift in Sources */ = {isa = PBXBuildFile; fileRef = 3D17751E24A0604C00A4C7B5 /* UIResponder+Extensions.swift */; };
		3D17752124A0608100A4C7B5 /* CGRect+Extensions.swift in Sources */ = {isa = PBXBuildFile; fileRef = 3D17752024A0608100A4C7B5 /* CGRect+Extensions.swift */; };
		3D17752324A063DA00A4C7B5 /* CGPoint+Extensions.swift in Sources */ = {isa = PBXBuildFile; fileRef = 3D17752224A063DA00A4C7B5 /* CGPoint+Extensions.swift */; };
		3D17752524A06AE600A4C7B5 /* ShimmerView.Animator.swift in Sources */ = {isa = PBXBuildFile; fileRef = 3D17752424A06AE600A4C7B5 /* ShimmerView.Animator.swift */; };
		3D17755524A0B22D00A4C7B5 /* ShimmerViewStyle.swift in Sources */ = {isa = PBXBuildFile; fileRef = 3D17755424A0B22D00A4C7B5 /* ShimmerViewStyle.swift */; };
		3D49EE9B24A5B242007F0C60 /* ShimmerViewAnimatorTests.swift in Sources */ = {isa = PBXBuildFile; fileRef = 3D49EE9A24A5B242007F0C60 /* ShimmerViewAnimatorTests.swift */; };
		3D49EEA624A977E6007F0C60 /* ShimmerReplicatorViewCell.swift in Sources */ = {isa = PBXBuildFile; fileRef = 3D49EEA524A977E6007F0C60 /* ShimmerReplicatorViewCell.swift */; };
		3DF13EF7249792D8005675B8 /* ShimmerView.framework in Frameworks */ = {isa = PBXBuildFile; fileRef = 3DF13EED249792D8005675B8 /* ShimmerView.framework */; };
		3DF13EFC249792D9005675B8 /* ShimmerViewTests.swift in Sources */ = {isa = PBXBuildFile; fileRef = 3DF13EFB249792D9005675B8 /* ShimmerViewTests.swift */; };
		3DF13EFE249792D9005675B8 /* ShimmerView.h in Headers */ = {isa = PBXBuildFile; fileRef = 3DF13EF0249792D8005675B8 /* ShimmerView.h */; settings = {ATTRIBUTES = (Public, ); }; };
		3DF13F0824979330005675B8 /* ShimmerView.swift in Sources */ = {isa = PBXBuildFile; fileRef = 3DF13F0724979330005675B8 /* ShimmerView.swift */; };
		3DF13F0A24979381005675B8 /* ShimmerSyncTarget.swift in Sources */ = {isa = PBXBuildFile; fileRef = 3DF13F0924979381005675B8 /* ShimmerSyncTarget.swift */; };
		3DF13F0C249793BC005675B8 /* ShimmerReplicatorView.swift in Sources */ = {isa = PBXBuildFile; fileRef = 3DF13F0B249793BC005675B8 /* ShimmerReplicatorView.swift */; };
		3DF13F0E24979436005675B8 /* UIColor+Extensions.swift in Sources */ = {isa = PBXBuildFile; fileRef = 3DF13F0D24979436005675B8 /* UIColor+Extensions.swift */; };
/* End PBXBuildFile section */

/* Begin PBXContainerItemProxy section */
		3DF13EF8249792D8005675B8 /* PBXContainerItemProxy */ = {
			isa = PBXContainerItemProxy;
			containerPortal = 3DF13EE4249792D8005675B8 /* Project object */;
			proxyType = 1;
			remoteGlobalIDString = 3DF13EEC249792D8005675B8;
			remoteInfo = ShimmerView;
		};
/* End PBXContainerItemProxy section */

/* Begin PBXFileReference section */
		3D17751E24A0604C00A4C7B5 /* UIResponder+Extensions.swift */ = {isa = PBXFileReference; lastKnownFileType = sourcecode.swift; path = "UIResponder+Extensions.swift"; sourceTree = "<group>"; };
		3D17752024A0608100A4C7B5 /* CGRect+Extensions.swift */ = {isa = PBXFileReference; lastKnownFileType = sourcecode.swift; path = "CGRect+Extensions.swift"; sourceTree = "<group>"; };
		3D17752224A063DA00A4C7B5 /* CGPoint+Extensions.swift */ = {isa = PBXFileReference; lastKnownFileType = sourcecode.swift; path = "CGPoint+Extensions.swift"; sourceTree = "<group>"; };
		3D17752424A06AE600A4C7B5 /* ShimmerView.Animator.swift */ = {isa = PBXFileReference; lastKnownFileType = sourcecode.swift; path = ShimmerView.Animator.swift; sourceTree = "<group>"; };
		3D17755424A0B22D00A4C7B5 /* ShimmerViewStyle.swift */ = {isa = PBXFileReference; lastKnownFileType = sourcecode.swift; path = ShimmerViewStyle.swift; sourceTree = "<group>"; };
		3D49EE9A24A5B242007F0C60 /* ShimmerViewAnimatorTests.swift */ = {isa = PBXFileReference; lastKnownFileType = sourcecode.swift; path = ShimmerViewAnimatorTests.swift; sourceTree = "<group>"; };
		3D49EEA524A977E6007F0C60 /* ShimmerReplicatorViewCell.swift */ = {isa = PBXFileReference; lastKnownFileType = sourcecode.swift; path = ShimmerReplicatorViewCell.swift; sourceTree = "<group>"; };
		3DF13EED249792D8005675B8 /* ShimmerView.framework */ = {isa = PBXFileReference; explicitFileType = wrapper.framework; includeInIndex = 0; path = ShimmerView.framework; sourceTree = BUILT_PRODUCTS_DIR; };
		3DF13EF0249792D8005675B8 /* ShimmerView.h */ = {isa = PBXFileReference; lastKnownFileType = sourcecode.c.h; path = ShimmerView.h; sourceTree = "<group>"; };
		3DF13EF1249792D8005675B8 /* Info.plist */ = {isa = PBXFileReference; lastKnownFileType = text.plist.xml; path = Info.plist; sourceTree = "<group>"; };
		3DF13EF6249792D8005675B8 /* ShimmerViewTests.xctest */ = {isa = PBXFileReference; explicitFileType = wrapper.cfbundle; includeInIndex = 0; path = ShimmerViewTests.xctest; sourceTree = BUILT_PRODUCTS_DIR; };
		3DF13EFB249792D9005675B8 /* ShimmerViewTests.swift */ = {isa = PBXFileReference; lastKnownFileType = sourcecode.swift; path = ShimmerViewTests.swift; sourceTree = "<group>"; };
		3DF13EFD249792D9005675B8 /* Info.plist */ = {isa = PBXFileReference; lastKnownFileType = text.plist.xml; path = Info.plist; sourceTree = "<group>"; };
		3DF13F0724979330005675B8 /* ShimmerView.swift */ = {isa = PBXFileReference; lastKnownFileType = sourcecode.swift; path = ShimmerView.swift; sourceTree = "<group>"; };
		3DF13F0924979381005675B8 /* ShimmerSyncTarget.swift */ = {isa = PBXFileReference; lastKnownFileType = sourcecode.swift; path = ShimmerSyncTarget.swift; sourceTree = "<group>"; };
		3DF13F0B249793BC005675B8 /* ShimmerReplicatorView.swift */ = {isa = PBXFileReference; lastKnownFileType = sourcecode.swift; path = ShimmerReplicatorView.swift; sourceTree = "<group>"; };
		3DF13F0D24979436005675B8 /* UIColor+Extensions.swift */ = {isa = PBXFileReference; lastKnownFileType = sourcecode.swift; path = "UIColor+Extensions.swift"; sourceTree = "<group>"; };
/* End PBXFileReference section */

/* Begin PBXFrameworksBuildPhase section */
		3DF13EEA249792D8005675B8 /* Frameworks */ = {
			isa = PBXFrameworksBuildPhase;
			buildActionMask = 2147483647;
			files = (
			);
			runOnlyForDeploymentPostprocessing = 0;
		};
		3DF13EF3249792D8005675B8 /* Frameworks */ = {
			isa = PBXFrameworksBuildPhase;
			buildActionMask = 2147483647;
			files = (
				3DF13EF7249792D8005675B8 /* ShimmerView.framework in Frameworks */,
			);
			runOnlyForDeploymentPostprocessing = 0;
		};
/* End PBXFrameworksBuildPhase section */

/* Begin PBXGroup section */
		3D17751D24A0603300A4C7B5 /* Extensions */ = {
			isa = PBXGroup;
			children = (
				3DF13F0D24979436005675B8 /* UIColor+Extensions.swift */,
				3D17751E24A0604C00A4C7B5 /* UIResponder+Extensions.swift */,
				3D17752024A0608100A4C7B5 /* CGRect+Extensions.swift */,
				3D17752224A063DA00A4C7B5 /* CGPoint+Extensions.swift */,
			);
			path = Extensions;
			sourceTree = "<group>";
		};
		3DF13EE3249792D8005675B8 = {
			isa = PBXGroup;
			children = (
				3DF13EEF249792D8005675B8 /* ShimmerView */,
				3DF13EFA249792D9005675B8 /* ShimmerViewTests */,
				3DF13EEE249792D8005675B8 /* Products */,
			);
			sourceTree = "<group>";
		};
		3DF13EEE249792D8005675B8 /* Products */ = {
			isa = PBXGroup;
			children = (
				3DF13EED249792D8005675B8 /* ShimmerView.framework */,
				3DF13EF6249792D8005675B8 /* ShimmerViewTests.xctest */,
			);
			name = Products;
			sourceTree = "<group>";
		};
		3DF13EEF249792D8005675B8 /* ShimmerView */ = {
			isa = PBXGroup;
			children = (
				3D17751D24A0603300A4C7B5 /* Extensions */,
				3DF13EF0249792D8005675B8 /* ShimmerView.h */,
				3DF13EF1249792D8005675B8 /* Info.plist */,
				3DF13F0724979330005675B8 /* ShimmerView.swift */,
				3D17755424A0B22D00A4C7B5 /* ShimmerViewStyle.swift */,
				3DF13F0924979381005675B8 /* ShimmerSyncTarget.swift */,
				3DF13F0B249793BC005675B8 /* ShimmerReplicatorView.swift */,
				3D17752424A06AE600A4C7B5 /* ShimmerView.Animator.swift */,
				3D49EEA524A977E6007F0C60 /* ShimmerReplicatorViewCell.swift */,
			);
			path = ShimmerView;
			sourceTree = "<group>";
		};
		3DF13EFA249792D9005675B8 /* ShimmerViewTests */ = {
			isa = PBXGroup;
			children = (
				3DF13EFB249792D9005675B8 /* ShimmerViewTests.swift */,
				3D49EE9A24A5B242007F0C60 /* ShimmerViewAnimatorTests.swift */,
				3DF13EFD249792D9005675B8 /* Info.plist */,
			);
			path = ShimmerViewTests;
			sourceTree = "<group>";
		};
/* End PBXGroup section */

/* Begin PBXHeadersBuildPhase section */
		3DF13EE8249792D8005675B8 /* Headers */ = {
			isa = PBXHeadersBuildPhase;
			buildActionMask = 2147483647;
			files = (
				3DF13EFE249792D9005675B8 /* ShimmerView.h in Headers */,
			);
			runOnlyForDeploymentPostprocessing = 0;
		};
/* End PBXHeadersBuildPhase section */

/* Begin PBXNativeTarget section */
		3DF13EEC249792D8005675B8 /* ShimmerView */ = {
			isa = PBXNativeTarget;
			buildConfigurationList = 3DF13F01249792D9005675B8 /* Build configuration list for PBXNativeTarget "ShimmerView" */;
			buildPhases = (
				3DF13EE8249792D8005675B8 /* Headers */,
				3DF13EE9249792D8005675B8 /* Sources */,
				3DF13EEA249792D8005675B8 /* Frameworks */,
				3DF13EEB249792D8005675B8 /* Resources */,
			);
			buildRules = (
			);
			dependencies = (
			);
			name = ShimmerView;
			productName = ShimmerView;
			productReference = 3DF13EED249792D8005675B8 /* ShimmerView.framework */;
			productType = "com.apple.product-type.framework";
		};
		3DF13EF5249792D8005675B8 /* ShimmerViewTests */ = {
			isa = PBXNativeTarget;
			buildConfigurationList = 3DF13F04249792D9005675B8 /* Build configuration list for PBXNativeTarget "ShimmerViewTests" */;
			buildPhases = (
				3DF13EF2249792D8005675B8 /* Sources */,
				3DF13EF3249792D8005675B8 /* Frameworks */,
				3DF13EF4249792D8005675B8 /* Resources */,
			);
			buildRules = (
			);
			dependencies = (
				3DF13EF9249792D8005675B8 /* PBXTargetDependency */,
			);
			name = ShimmerViewTests;
			productName = ShimmerViewTests;
			productReference = 3DF13EF6249792D8005675B8 /* ShimmerViewTests.xctest */;
			productType = "com.apple.product-type.bundle.unit-test";
		};
/* End PBXNativeTarget section */

/* Begin PBXProject section */
		3DF13EE4249792D8005675B8 /* Project object */ = {
			isa = PBXProject;
			attributes = {
				LastSwiftUpdateCheck = 1150;
				LastUpgradeCheck = 1150;
				ORGANIZATIONNAME = Mercari;
				TargetAttributes = {
					3DF13EEC249792D8005675B8 = {
						CreatedOnToolsVersion = 11.5;
						LastSwiftMigration = 1150;
					};
					3DF13EF5249792D8005675B8 = {
						CreatedOnToolsVersion = 11.5;
					};
				};
			};
			buildConfigurationList = 3DF13EE7249792D8005675B8 /* Build configuration list for PBXProject "ShimmerView" */;
			compatibilityVersion = "Xcode 9.3";
			developmentRegion = en;
			hasScannedForEncodings = 0;
			knownRegions = (
				en,
				Base,
			);
			mainGroup = 3DF13EE3249792D8005675B8;
			productRefGroup = 3DF13EEE249792D8005675B8 /* Products */;
			projectDirPath = "";
			projectRoot = "";
			targets = (
				3DF13EEC249792D8005675B8 /* ShimmerView */,
				3DF13EF5249792D8005675B8 /* ShimmerViewTests */,
			);
		};
/* End PBXProject section */

/* Begin PBXResourcesBuildPhase section */
		3DF13EEB249792D8005675B8 /* Resources */ = {
			isa = PBXResourcesBuildPhase;
			buildActionMask = 2147483647;
			files = (
			);
			runOnlyForDeploymentPostprocessing = 0;
		};
		3DF13EF4249792D8005675B8 /* Resources */ = {
			isa = PBXResourcesBuildPhase;
			buildActionMask = 2147483647;
			files = (
			);
			runOnlyForDeploymentPostprocessing = 0;
		};
/* End PBXResourcesBuildPhase section */

/* Begin PBXSourcesBuildPhase section */
		3DF13EE9249792D8005675B8 /* Sources */ = {
			isa = PBXSourcesBuildPhase;
			buildActionMask = 2147483647;
			files = (
				3DF13F0C249793BC005675B8 /* ShimmerReplicatorView.swift in Sources */,
				3DF13F0824979330005675B8 /* ShimmerView.swift in Sources */,
				3D17752324A063DA00A4C7B5 /* CGPoint+Extensions.swift in Sources */,
				3DF13F0A24979381005675B8 /* ShimmerSyncTarget.swift in Sources */,
				3D17752124A0608100A4C7B5 /* CGRect+Extensions.swift in Sources */,
				3D17752524A06AE600A4C7B5 /* ShimmerView.Animator.swift in Sources */,
				3D17751F24A0604C00A4C7B5 /* UIResponder+Extensions.swift in Sources */,
				3D49EEA624A977E6007F0C60 /* ShimmerReplicatorViewCell.swift in Sources */,
				3DF13F0E24979436005675B8 /* UIColor+Extensions.swift in Sources */,
				3D17755524A0B22D00A4C7B5 /* ShimmerViewStyle.swift in Sources */,
			);
			runOnlyForDeploymentPostprocessing = 0;
		};
		3DF13EF2249792D8005675B8 /* Sources */ = {
			isa = PBXSourcesBuildPhase;
			buildActionMask = 2147483647;
			files = (
				3DF13EFC249792D9005675B8 /* ShimmerViewTests.swift in Sources */,
				3D49EE9B24A5B242007F0C60 /* ShimmerViewAnimatorTests.swift in Sources */,
			);
			runOnlyForDeploymentPostprocessing = 0;
		};
/* End PBXSourcesBuildPhase section */

/* Begin PBXTargetDependency section */
		3DF13EF9249792D8005675B8 /* PBXTargetDependency */ = {
			isa = PBXTargetDependency;
			target = 3DF13EEC249792D8005675B8 /* ShimmerView */;
			targetProxy = 3DF13EF8249792D8005675B8 /* PBXContainerItemProxy */;
		};
/* End PBXTargetDependency section */

/* Begin XCBuildConfiguration section */
		3DF13EFF249792D9005675B8 /* Debug */ = {
			isa = XCBuildConfiguration;
			buildSettings = {
				ALWAYS_SEARCH_USER_PATHS = NO;
				CLANG_ANALYZER_NONNULL = YES;
				CLANG_ANALYZER_NUMBER_OBJECT_CONVERSION = YES_AGGRESSIVE;
				CLANG_CXX_LANGUAGE_STANDARD = "gnu++14";
				CLANG_CXX_LIBRARY = "libc++";
				CLANG_ENABLE_MODULES = YES;
				CLANG_ENABLE_OBJC_ARC = YES;
				CLANG_ENABLE_OBJC_WEAK = YES;
				CLANG_WARN_BLOCK_CAPTURE_AUTORELEASING = YES;
				CLANG_WARN_BOOL_CONVERSION = YES;
				CLANG_WARN_COMMA = YES;
				CLANG_WARN_CONSTANT_CONVERSION = YES;
				CLANG_WARN_DEPRECATED_OBJC_IMPLEMENTATIONS = YES;
				CLANG_WARN_DIRECT_OBJC_ISA_USAGE = YES_ERROR;
				CLANG_WARN_DOCUMENTATION_COMMENTS = YES;
				CLANG_WARN_EMPTY_BODY = YES;
				CLANG_WARN_ENUM_CONVERSION = YES;
				CLANG_WARN_INFINITE_RECURSION = YES;
				CLANG_WARN_INT_CONVERSION = YES;
				CLANG_WARN_NON_LITERAL_NULL_CONVERSION = YES;
				CLANG_WARN_OBJC_IMPLICIT_RETAIN_SELF = YES;
				CLANG_WARN_OBJC_LITERAL_CONVERSION = YES;
				CLANG_WARN_OBJC_ROOT_CLASS = YES_ERROR;
				CLANG_WARN_RANGE_LOOP_ANALYSIS = YES;
				CLANG_WARN_STRICT_PROTOTYPES = YES;
				CLANG_WARN_SUSPICIOUS_MOVE = YES;
				CLANG_WARN_UNGUARDED_AVAILABILITY = YES_AGGRESSIVE;
				CLANG_WARN_UNREACHABLE_CODE = YES;
				CLANG_WARN__DUPLICATE_METHOD_MATCH = YES;
				COPY_PHASE_STRIP = NO;
				CURRENT_PROJECT_VERSION = 1;
				DEBUG_INFORMATION_FORMAT = dwarf;
				ENABLE_STRICT_OBJC_MSGSEND = YES;
				ENABLE_TESTABILITY = YES;
				GCC_C_LANGUAGE_STANDARD = gnu11;
				GCC_DYNAMIC_NO_PIC = NO;
				GCC_NO_COMMON_BLOCKS = YES;
				GCC_OPTIMIZATION_LEVEL = 0;
				GCC_PREPROCESSOR_DEFINITIONS = (
					"DEBUG=1",
					"$(inherited)",
				);
				GCC_WARN_64_TO_32_BIT_CONVERSION = YES;
				GCC_WARN_ABOUT_RETURN_TYPE = YES_ERROR;
				GCC_WARN_UNDECLARED_SELECTOR = YES;
				GCC_WARN_UNINITIALIZED_AUTOS = YES_AGGRESSIVE;
				GCC_WARN_UNUSED_FUNCTION = YES;
				GCC_WARN_UNUSED_VARIABLE = YES;
				IPHONEOS_DEPLOYMENT_TARGET = 13.5;
				MTL_ENABLE_DEBUG_INFO = INCLUDE_SOURCE;
				MTL_FAST_MATH = YES;
				ONLY_ACTIVE_ARCH = YES;
				SDKROOT = iphoneos;
				SWIFT_ACTIVE_COMPILATION_CONDITIONS = DEBUG;
				SWIFT_OPTIMIZATION_LEVEL = "-Onone";
				VERSIONING_SYSTEM = "apple-generic";
				VERSION_INFO_PREFIX = "";
			};
			name = Debug;
		};
		3DF13F00249792D9005675B8 /* Release */ = {
			isa = XCBuildConfiguration;
			buildSettings = {
				ALWAYS_SEARCH_USER_PATHS = NO;
				CLANG_ANALYZER_NONNULL = YES;
				CLANG_ANALYZER_NUMBER_OBJECT_CONVERSION = YES_AGGRESSIVE;
				CLANG_CXX_LANGUAGE_STANDARD = "gnu++14";
				CLANG_CXX_LIBRARY = "libc++";
				CLANG_ENABLE_MODULES = YES;
				CLANG_ENABLE_OBJC_ARC = YES;
				CLANG_ENABLE_OBJC_WEAK = YES;
				CLANG_WARN_BLOCK_CAPTURE_AUTORELEASING = YES;
				CLANG_WARN_BOOL_CONVERSION = YES;
				CLANG_WARN_COMMA = YES;
				CLANG_WARN_CONSTANT_CONVERSION = YES;
				CLANG_WARN_DEPRECATED_OBJC_IMPLEMENTATIONS = YES;
				CLANG_WARN_DIRECT_OBJC_ISA_USAGE = YES_ERROR;
				CLANG_WARN_DOCUMENTATION_COMMENTS = YES;
				CLANG_WARN_EMPTY_BODY = YES;
				CLANG_WARN_ENUM_CONVERSION = YES;
				CLANG_WARN_INFINITE_RECURSION = YES;
				CLANG_WARN_INT_CONVERSION = YES;
				CLANG_WARN_NON_LITERAL_NULL_CONVERSION = YES;
				CLANG_WARN_OBJC_IMPLICIT_RETAIN_SELF = YES;
				CLANG_WARN_OBJC_LITERAL_CONVERSION = YES;
				CLANG_WARN_OBJC_ROOT_CLASS = YES_ERROR;
				CLANG_WARN_RANGE_LOOP_ANALYSIS = YES;
				CLANG_WARN_STRICT_PROTOTYPES = YES;
				CLANG_WARN_SUSPICIOUS_MOVE = YES;
				CLANG_WARN_UNGUARDED_AVAILABILITY = YES_AGGRESSIVE;
				CLANG_WARN_UNREACHABLE_CODE = YES;
				CLANG_WARN__DUPLICATE_METHOD_MATCH = YES;
				COPY_PHASE_STRIP = NO;
				CURRENT_PROJECT_VERSION = 1;
				DEBUG_INFORMATION_FORMAT = "dwarf-with-dsym";
				ENABLE_NS_ASSERTIONS = NO;
				ENABLE_STRICT_OBJC_MSGSEND = YES;
				GCC_C_LANGUAGE_STANDARD = gnu11;
				GCC_NO_COMMON_BLOCKS = YES;
				GCC_WARN_64_TO_32_BIT_CONVERSION = YES;
				GCC_WARN_ABOUT_RETURN_TYPE = YES_ERROR;
				GCC_WARN_UNDECLARED_SELECTOR = YES;
				GCC_WARN_UNINITIALIZED_AUTOS = YES_AGGRESSIVE;
				GCC_WARN_UNUSED_FUNCTION = YES;
				GCC_WARN_UNUSED_VARIABLE = YES;
				IPHONEOS_DEPLOYMENT_TARGET = 13.5;
				MTL_ENABLE_DEBUG_INFO = NO;
				MTL_FAST_MATH = YES;
				SDKROOT = iphoneos;
				SWIFT_COMPILATION_MODE = wholemodule;
				SWIFT_OPTIMIZATION_LEVEL = "-O";
				VALIDATE_PRODUCT = YES;
				VERSIONING_SYSTEM = "apple-generic";
				VERSION_INFO_PREFIX = "";
			};
			name = Release;
		};
		3DF13F02249792D9005675B8 /* Debug */ = {
			isa = XCBuildConfiguration;
			buildSettings = {
				CLANG_ENABLE_MODULES = YES;
				CODE_SIGN_STYLE = Automatic;
				DEFINES_MODULE = YES;
				DEVELOPMENT_TEAM = K69VE4UMZN;
				DYLIB_COMPATIBILITY_VERSION = 1;
				DYLIB_CURRENT_VERSION = 1;
				DYLIB_INSTALL_NAME_BASE = "@rpath";
				INFOPLIST_FILE = ShimmerView/Info.plist;
				INSTALL_PATH = "$(LOCAL_LIBRARY_DIR)/Frameworks";
				LD_RUNPATH_SEARCH_PATHS = (
					"$(inherited)",
					"@executable_path/Frameworks",
					"@loader_path/Frameworks",
				);
				PRODUCT_BUNDLE_IDENTIFIER = mercari.ShimmerView;
				PRODUCT_NAME = "$(TARGET_NAME:c99extidentifier)";
				SKIP_INSTALL = YES;
				SWIFT_OPTIMIZATION_LEVEL = "-Onone";
				SWIFT_VERSION = 5.0;
				TARGETED_DEVICE_FAMILY = "1,2";
			};
			name = Debug;
		};
		3DF13F03249792D9005675B8 /* Release */ = {
			isa = XCBuildConfiguration;
			buildSettings = {
				CLANG_ENABLE_MODULES = YES;
				CODE_SIGN_STYLE = Automatic;
				DEFINES_MODULE = YES;
				DEVELOPMENT_TEAM = K69VE4UMZN;
				DYLIB_COMPATIBILITY_VERSION = 1;
				DYLIB_CURRENT_VERSION = 1;
				DYLIB_INSTALL_NAME_BASE = "@rpath";
				INFOPLIST_FILE = ShimmerView/Info.plist;
				INSTALL_PATH = "$(LOCAL_LIBRARY_DIR)/Frameworks";
				LD_RUNPATH_SEARCH_PATHS = (
					"$(inherited)",
					"@executable_path/Frameworks",
					"@loader_path/Frameworks",
				);
				PRODUCT_BUNDLE_IDENTIFIER = mercari.ShimmerView;
				PRODUCT_NAME = "$(TARGET_NAME:c99extidentifier)";
				SKIP_INSTALL = YES;
				SWIFT_VERSION = 5.0;
				TARGETED_DEVICE_FAMILY = "1,2";
			};
			name = Release;
		};
		3DF13F05249792D9005675B8 /* Debug */ = {
			isa = XCBuildConfiguration;
			buildSettings = {
				ALWAYS_EMBED_SWIFT_STANDARD_LIBRARIES = YES;
				CODE_SIGN_STYLE = Automatic;
				DEVELOPMENT_TEAM = K69VE4UMZN;
				INFOPLIST_FILE = ShimmerViewTests/Info.plist;
				LD_RUNPATH_SEARCH_PATHS = (
					"$(inherited)",
					"@executable_path/Frameworks",
					"@loader_path/Frameworks",
				);
				PRODUCT_BUNDLE_IDENTIFIER = mercari.ShimmerViewTests;
				PRODUCT_NAME = "$(TARGET_NAME)";
				SWIFT_VERSION = 5.0;
				TARGETED_DEVICE_FAMILY = "1,2";
			};
			name = Debug;
		};
		3DF13F06249792D9005675B8 /* Release */ = {
			isa = XCBuildConfiguration;
			buildSettings = {
				ALWAYS_EMBED_SWIFT_STANDARD_LIBRARIES = YES;
				CODE_SIGN_STYLE = Automatic;
				DEVELOPMENT_TEAM = K69VE4UMZN;
				INFOPLIST_FILE = ShimmerViewTests/Info.plist;
				LD_RUNPATH_SEARCH_PATHS = (
					"$(inherited)",
					"@executable_path/Frameworks",
					"@loader_path/Frameworks",
				);
				PRODUCT_BUNDLE_IDENTIFIER = mercari.ShimmerViewTests;
				PRODUCT_NAME = "$(TARGET_NAME)";
				SWIFT_VERSION = 5.0;
				TARGETED_DEVICE_FAMILY = "1,2";
			};
			name = Release;
		};
/* End XCBuildConfiguration section */

/* Begin XCConfigurationList section */
		3DF13EE7249792D8005675B8 /* Build configuration list for PBXProject "ShimmerView" */ = {
			isa = XCConfigurationList;
			buildConfigurations = (
				3DF13EFF249792D9005675B8 /* Debug */,
				3DF13F00249792D9005675B8 /* Release */,
			);
			defaultConfigurationIsVisible = 0;
			defaultConfigurationName = Release;
		};
		3DF13F01249792D9005675B8 /* Build configuration list for PBXNativeTarget "ShimmerView" */ = {
			isa = XCConfigurationList;
			buildConfigurations = (
				3DF13F02249792D9005675B8 /* Debug */,
				3DF13F03249792D9005675B8 /* Release */,
			);
			defaultConfigurationIsVisible = 0;
			defaultConfigurationName = Release;
		};
		3DF13F04249792D9005675B8 /* Build configuration list for PBXNativeTarget "ShimmerViewTests" */ = {
			isa = XCConfigurationList;
			buildConfigurations = (
				3DF13F05249792D9005675B8 /* Debug */,
				3DF13F06249792D9005675B8 /* Release */,
			);
			defaultConfigurationIsVisible = 0;
			defaultConfigurationName = Release;
		};
/* End XCConfigurationList section */
	};
	rootObject = 3DF13EE4249792D8005675B8 /* Project object */;
}
