// !$*UTF8*$!
{
	archiveVersion = 1;
	classes = {
	};
	objectVersion = 50;
	objects = {

/* Begin PBXBuildFile section */
		3DBD29E728EAD656006ED7AF /* UIResponder+Extensions.swift in Sources */ = {isa = PBXBuildFile; fileRef = 3DBD29E328EAD656006ED7AF /* UIResponder+Extensions.swift */; };
		3DBD29E828EAD656006ED7AF /* CGRect+Extensions.swift in Sources */ = {isa = PBXBuildFile; fileRef = 3DBD29E428EAD656006ED7AF /* CGRect+Extensions.swift */; };
		3DBD29E928EAD656006ED7AF /* UIColor+Extensions.swift in Sources */ = {isa = PBXBuildFile; fileRef = 3DBD29E528EAD656006ED7AF /* UIColor+Extensions.swift */; };
		3DBD29EA28EAD656006ED7AF /* CGPoint+Extensions.swift in Sources */ = {isa = PBXBuildFile; fileRef = 3DBD29E628EAD656006ED7AF /* CGPoint+Extensions.swift */; };
		3DBD29EE28EAD662006ED7AF /* ShimmerCoreView.swift in Sources */ = {isa = PBXBuildFile; fileRef = 3DBD29EB28EAD662006ED7AF /* ShimmerCoreView.swift */; };
		3DBD29EF28EAD662006ED7AF /* ShimmerCoreView.Animator.swift in Sources */ = {isa = PBXBuildFile; fileRef = 3DBD29EC28EAD662006ED7AF /* ShimmerCoreView.Animator.swift */; };
		3DBD29F028EAD662006ED7AF /* ShimmerViewStyle.swift in Sources */ = {isa = PBXBuildFile; fileRef = 3DBD29ED28EAD662006ED7AF /* ShimmerViewStyle.swift */; };
		3DBD2A0328EAD685006ED7AF /* ShimmerScope.swift in Sources */ = {isa = PBXBuildFile; fileRef = 3DBD2A0128EAD684006ED7AF /* ShimmerScope.swift */; };
		3DBD2A0428EAD685006ED7AF /* ShimmerElement.swift in Sources */ = {isa = PBXBuildFile; fileRef = 3DBD2A0228EAD684006ED7AF /* ShimmerElement.swift */; };
		3DBD2A0E28EAD6F7006ED7AF /* ShimmerSyncTargetTests.swift in Sources */ = {isa = PBXBuildFile; fileRef = 3DBD2A0928EAD6F7006ED7AF /* ShimmerSyncTargetTests.swift */; };
		3DBD2A0F28EAD6F7006ED7AF /* ShimmerCoreViewTests.swift in Sources */ = {isa = PBXBuildFile; fileRef = 3DBD2A0A28EAD6F7006ED7AF /* ShimmerCoreViewTests.swift */; };
		3DBD2A1028EAD6F7006ED7AF /* ShimmerViewTests.swift in Sources */ = {isa = PBXBuildFile; fileRef = 3DBD2A0B28EAD6F7006ED7AF /* ShimmerViewTests.swift */; };
		3DBD2A3428EADC05006ED7AF /* ShimmerReplicatorView.swift in Sources */ = {isa = PBXBuildFile; fileRef = 3DBD29FB28EAD67A006ED7AF /* ShimmerReplicatorView.swift */; };
		3DBD2A3528EADC05006ED7AF /* ShimmerReplicatorViewCell.swift in Sources */ = {isa = PBXBuildFile; fileRef = 3DBD29FA28EAD67A006ED7AF /* ShimmerReplicatorViewCell.swift */; };
		3DBD2A3628EADC05006ED7AF /* ShimmerSyncTarget.swift in Sources */ = {isa = PBXBuildFile; fileRef = 3DBD29FC28EAD67A006ED7AF /* ShimmerSyncTarget.swift */; };
		3DBD2A3728EADC05006ED7AF /* ShimmerView.swift in Sources */ = {isa = PBXBuildFile; fileRef = 3DBD29F928EAD67A006ED7AF /* ShimmerView.swift */; };
		3DBD2A3828EADCFF006ED7AF /* ShimmerCoreViewAnimatorTests.swift in Sources */ = {isa = PBXBuildFile; fileRef = 3DBD2A0C28EAD6F7006ED7AF /* ShimmerCoreViewAnimatorTests.swift */; };
		3DF13EF7249792D8005675B8 /* ShimmerView.framework in Frameworks */ = {isa = PBXBuildFile; fileRef = 3DF13EED249792D8005675B8 /* ShimmerView.framework */; };
/* End PBXBuildFile section */

/* Begin PBXContainerItemProxy section */
		3DF13EF8249792D8005675B8 /* PBXContainerItemProxy */ = {
			isa = PBXContainerItemProxy;
			containerPortal = 3DF13EE4249792D8005675B8 /* Project object */;
			proxyType = 1;
			remoteGlobalIDString = 3DF13EEC249792D8005675B8;
			remoteInfo = ShimmerView;
		};
/* End PBXContainerItemProxy section */

/* Begin PBXFileReference section */
		3DBD29E328EAD656006ED7AF /* UIResponder+Extensions.swift */ = {isa = PBXFileReference; fileEncoding = 4; lastKnownFileType = sourcecode.swift; path = "UIResponder+Extensions.swift"; sourceTree = "<group>"; };
		3DBD29E428EAD656006ED7AF /* CGRect+Extensions.swift */ = {isa = PBXFileReference; fileEncoding = 4; lastKnownFileType = sourcecode.swift; path = "CGRect+Extensions.swift"; sourceTree = "<group>"; };
		3DBD29E528EAD656006ED7AF /* UIColor+Extensions.swift */ = {isa = PBXFileReference; fileEncoding = 4; lastKnownFileType = sourcecode.swift; path = "UIColor+Extensions.swift"; sourceTree = "<group>"; };
		3DBD29E628EAD656006ED7AF /* CGPoint+Extensions.swift */ = {isa = PBXFileReference; fileEncoding = 4; lastKnownFileType = sourcecode.swift; path = "CGPoint+Extensions.swift"; sourceTree = "<group>"; };
		3DBD29EB28EAD662006ED7AF /* ShimmerCoreView.swift */ = {isa = PBXFileReference; fileEncoding = 4; lastKnownFileType = sourcecode.swift; path = ShimmerCoreView.swift; sourceTree = "<group>"; };
		3DBD29EC28EAD662006ED7AF /* ShimmerCoreView.Animator.swift */ = {isa = PBXFileReference; fileEncoding = 4; lastKnownFileType = sourcecode.swift; path = ShimmerCoreView.Animator.swift; sourceTree = "<group>"; };
		3DBD29ED28EAD662006ED7AF /* ShimmerViewStyle.swift */ = {isa = PBXFileReference; fileEncoding = 4; lastKnownFileType = sourcecode.swift; path = ShimmerViewStyle.swift; sourceTree = "<group>"; };
		3DBD29F928EAD67A006ED7AF /* ShimmerView.swift */ = {isa = PBXFileReference; fileEncoding = 4; lastKnownFileType = sourcecode.swift; path = ShimmerView.swift; sourceTree = "<group>"; };
		3DBD29FA28EAD67A006ED7AF /* ShimmerReplicatorViewCell.swift */ = {isa = PBXFileReference; fileEncoding = 4; lastKnownFileType = sourcecode.swift; path = ShimmerReplicatorViewCell.swift; sourceTree = "<group>"; };
		3DBD29FB28EAD67A006ED7AF /* ShimmerReplicatorView.swift */ = {isa = PBXFileReference; fileEncoding = 4; lastKnownFileType = sourcecode.swift; path = ShimmerReplicatorView.swift; sourceTree = "<group>"; };
		3DBD29FC28EAD67A006ED7AF /* ShimmerSyncTarget.swift */ = {isa = PBXFileReference; fileEncoding = 4; lastKnownFileType = sourcecode.swift; path = ShimmerSyncTarget.swift; sourceTree = "<group>"; };
		3DBD2A0128EAD684006ED7AF /* ShimmerScope.swift */ = {isa = PBXFileReference; fileEncoding = 4; lastKnownFileType = sourcecode.swift; path = ShimmerScope.swift; sourceTree = "<group>"; };
		3DBD2A0228EAD684006ED7AF /* ShimmerElement.swift */ = {isa = PBXFileReference; fileEncoding = 4; lastKnownFileType = sourcecode.swift; path = ShimmerElement.swift; sourceTree = "<group>"; };
		3DBD2A0528EAD696006ED7AF /* Info.plist */ = {isa = PBXFileReference; fileEncoding = 4; lastKnownFileType = text.plist.xml; path = Info.plist; sourceTree = "<group>"; };
		3DBD2A0828EAD6F7006ED7AF /* Info.plist */ = {isa = PBXFileReference; fileEncoding = 4; lastKnownFileType = text.plist.xml; path = Info.plist; sourceTree = "<group>"; };
		3DBD2A0928EAD6F7006ED7AF /* ShimmerSyncTargetTests.swift */ = {isa = PBXFileReference; fileEncoding = 4; lastKnownFileType = sourcecode.swift; path = ShimmerSyncTargetTests.swift; sourceTree = "<group>"; };
		3DBD2A0A28EAD6F7006ED7AF /* ShimmerCoreViewTests.swift */ = {isa = PBXFileReference; fileEncoding = 4; lastKnownFileType = sourcecode.swift; path = ShimmerCoreViewTests.swift; sourceTree = "<group>"; };
		3DBD2A0B28EAD6F7006ED7AF /* ShimmerViewTests.swift */ = {isa = PBXFileReference; fileEncoding = 4; lastKnownFileType = sourcecode.swift; path = ShimmerViewTests.swift; sourceTree = "<group>"; };
		3DBD2A0C28EAD6F7006ED7AF /* ShimmerCoreViewAnimatorTests.swift */ = {isa = PBXFileReference; fileEncoding = 4; lastKnownFileType = sourcecode.swift; path = ShimmerCoreViewAnimatorTests.swift; sourceTree = "<group>"; };
		3DF13EED249792D8005675B8 /* ShimmerView.framework */ = {isa = PBXFileReference; explicitFileType = wrapper.framework; includeInIndex = 0; path = ShimmerView.framework; sourceTree = BUILT_PRODUCTS_DIR; };
		3DF13EF6249792D8005675B8 /* ShimmerViewTests.xctest */ = {isa = PBXFileReference; explicitFileType = wrapper.cfbundle; includeInIndex = 0; path = ShimmerViewTests.xctest; sourceTree = BUILT_PRODUCTS_DIR; };
/* End PBXFileReference section */

/* Begin PBXFrameworksBuildPhase section */
		3DF13EEA249792D8005675B8 /* Frameworks */ = {
			isa = PBXFrameworksBuildPhase;
			buildActionMask = 2147483647;
			files = (
			);
			runOnlyForDeploymentPostprocessing = 0;
		};
		3DF13EF3249792D8005675B8 /* Frameworks */ = {
			isa = PBXFrameworksBuildPhase;
			buildActionMask = 2147483647;
			files = (
				3DF13EF7249792D8005675B8 /* ShimmerView.framework in Frameworks */,
			);
			runOnlyForDeploymentPostprocessing = 0;
		};
/* End PBXFrameworksBuildPhase section */

/* Begin PBXGroup section */
		3DBD29DE28EAD5D9006ED7AF /* Sources */ = {
			isa = PBXGroup;
			children = (
				3DBD29E128EAD61A006ED7AF /* Common */,
				3DBD29E228EAD620006ED7AF /* Extensions */,
				3DBD2A0528EAD696006ED7AF /* Info.plist */,
				3DBD29DF28EAD606006ED7AF /* SwiftUI */,
				3DBD29E028EAD613006ED7AF /* UIKit */,
			);
			path = Sources;
			sourceTree = "<group>";
		};
		3DBD29DF28EAD606006ED7AF /* SwiftUI */ = {
			isa = PBXGroup;
			children = (
				3DBD2A0228EAD684006ED7AF /* ShimmerElement.swift */,
				3DBD2A0128EAD684006ED7AF /* ShimmerScope.swift */,
			);
			path = SwiftUI;
			sourceTree = "<group>";
		};
		3DBD29E028EAD613006ED7AF /* UIKit */ = {
			isa = PBXGroup;
			children = (
				3DBD29FB28EAD67A006ED7AF /* ShimmerReplicatorView.swift */,
				3DBD29FA28EAD67A006ED7AF /* ShimmerReplicatorViewCell.swift */,
				3DBD29FC28EAD67A006ED7AF /* ShimmerSyncTarget.swift */,
				3DBD29F928EAD67A006ED7AF /* ShimmerView.swift */,
			);
			path = UIKit;
			sourceTree = "<group>";
		};
		3DBD29E128EAD61A006ED7AF /* Common */ = {
			isa = PBXGroup;
			children = (
				3DBD29EC28EAD662006ED7AF /* ShimmerCoreView.Animator.swift */,
				3DBD29EB28EAD662006ED7AF /* ShimmerCoreView.swift */,
				3DBD29ED28EAD662006ED7AF /* ShimmerViewStyle.swift */,
			);
			path = Common;
			sourceTree = "<group>";
		};
		3DBD29E228EAD620006ED7AF /* Extensions */ = {
			isa = PBXGroup;
			children = (
				3DBD29E628EAD656006ED7AF /* CGPoint+Extensions.swift */,
				3DBD29E428EAD656006ED7AF /* CGRect+Extensions.swift */,
				3DBD29E528EAD656006ED7AF /* UIColor+Extensions.swift */,
				3DBD29E328EAD656006ED7AF /* UIResponder+Extensions.swift */,
			);
			path = Extensions;
			sourceTree = "<group>";
		};
		3DBD2A0728EAD6D3006ED7AF /* Tests */ = {
			isa = PBXGroup;
			children = (
				3DBD2A0828EAD6F7006ED7AF /* Info.plist */,
				3DBD2A0C28EAD6F7006ED7AF /* ShimmerCoreViewAnimatorTests.swift */,
				3DBD2A0A28EAD6F7006ED7AF /* ShimmerCoreViewTests.swift */,
				3DBD2A0928EAD6F7006ED7AF /* ShimmerSyncTargetTests.swift */,
				3DBD2A0B28EAD6F7006ED7AF /* ShimmerViewTests.swift */,
			);
			path = Tests;
			sourceTree = "<group>";
		};
		3DF13EE3249792D8005675B8 = {
			isa = PBXGroup;
			children = (
				3DBD29DE28EAD5D9006ED7AF /* Sources */,
				3DBD2A0728EAD6D3006ED7AF /* Tests */,
				3DF13EEE249792D8005675B8 /* Products */,
			);
			sourceTree = "<group>";
		};
		3DF13EEE249792D8005675B8 /* Products */ = {
			isa = PBXGroup;
			children = (
				3DF13EED249792D8005675B8 /* ShimmerView.framework */,
				3DF13EF6249792D8005675B8 /* ShimmerViewTests.xctest */,
			);
			name = Products;
			sourceTree = "<group>";
		};
/* End PBXGroup section */

/* Begin PBXHeadersBuildPhase section */
		3DF13EE8249792D8005675B8 /* Headers */ = {
			isa = PBXHeadersBuildPhase;
			buildActionMask = 2147483647;
			files = (
			);
			runOnlyForDeploymentPostprocessing = 0;
		};
/* End PBXHeadersBuildPhase section */

/* Begin PBXNativeTarget section */
		3DF13EEC249792D8005675B8 /* ShimmerView */ = {
			isa = PBXNativeTarget;
			buildConfigurationList = 3DF13F01249792D9005675B8 /* Build configuration list for PBXNativeTarget "ShimmerView" */;
			buildPhases = (
				3DF13EE8249792D8005675B8 /* Headers */,
				3DF13EE9249792D8005675B8 /* Sources */,
				3DF13EEA249792D8005675B8 /* Frameworks */,
				3DF13EEB249792D8005675B8 /* Resources */,
			);
			buildRules = (
			);
			dependencies = (
			);
			name = ShimmerView;
			productName = ShimmerView;
			productReference = 3DF13EED249792D8005675B8 /* ShimmerView.framework */;
			productType = "com.apple.product-type.framework";
		};
		3DF13EF5249792D8005675B8 /* ShimmerViewTests */ = {
			isa = PBXNativeTarget;
			buildConfigurationList = 3DF13F04249792D9005675B8 /* Build configuration list for PBXNativeTarget "ShimmerViewTests" */;
			buildPhases = (
				3DF13EF2249792D8005675B8 /* Sources */,
				3DF13EF3249792D8005675B8 /* Frameworks */,
				3DF13EF4249792D8005675B8 /* Resources */,
			);
			buildRules = (
			);
			dependencies = (
				3DF13EF9249792D8005675B8 /* PBXTargetDependency */,
			);
			name = ShimmerViewTests;
			productName = ShimmerViewTests;
			productReference = 3DF13EF6249792D8005675B8 /* ShimmerViewTests.xctest */;
			productType = "com.apple.product-type.bundle.unit-test";
		};
/* End PBXNativeTarget section */

/* Begin PBXProject section */
		3DF13EE4249792D8005675B8 /* Project object */ = {
			isa = PBXProject;
			attributes = {
				LastSwiftUpdateCheck = 1150;
				LastUpgradeCheck = 1150;
				ORGANIZATIONNAME = Mercari;
				TargetAttributes = {
					3DF13EEC249792D8005675B8 = {
						CreatedOnToolsVersion = 11.5;
						LastSwiftMigration = 1150;
					};
					3DF13EF5249792D8005675B8 = {
						CreatedOnToolsVersion = 11.5;
					};
				};
			};
			buildConfigurationList = 3DF13EE7249792D8005675B8 /* Build configuration list for PBXProject "ShimmerView" */;
			compatibilityVersion = "Xcode 9.3";
			developmentRegion = en;
			hasScannedForEncodings = 0;
			knownRegions = (
				en,
				Base,
			);
			mainGroup = 3DF13EE3249792D8005675B8;
			productRefGroup = 3DF13EEE249792D8005675B8 /* Products */;
			projectDirPath = "";
			projectRoot = "";
			targets = (
				3DF13EEC249792D8005675B8 /* ShimmerView */,
				3DF13EF5249792D8005675B8 /* ShimmerViewTests */,
			);
		};
/* End PBXProject section */

/* Begin PBXResourcesBuildPhase section */
		3DF13EEB249792D8005675B8 /* Resources */ = {
			isa = PBXResourcesBuildPhase;
			buildActionMask = 2147483647;
			files = (
			);
			runOnlyForDeploymentPostprocessing = 0;
		};
		3DF13EF4249792D8005675B8 /* Resources */ = {
			isa = PBXResourcesBuildPhase;
			buildActionMask = 2147483647;
			files = (
			);
			runOnlyForDeploymentPostprocessing = 0;
		};
/* End PBXResourcesBuildPhase section */

/* Begin PBXSourcesBuildPhase section */
		3DF13EE9249792D8005675B8 /* Sources */ = {
			isa = PBXSourcesBuildPhase;
			buildActionMask = 2147483647;
			files = (
				3DBD2A3428EADC05006ED7AF /* ShimmerReplicatorView.swift in Sources */,
				3DBD2A3528EADC05006ED7AF /* ShimmerReplicatorViewCell.swift in Sources */,
				3DBD2A3628EADC05006ED7AF /* ShimmerSyncTarget.swift in Sources */,
				3DBD2A3728EADC05006ED7AF /* ShimmerView.swift in Sources */,
				3DBD2A0328EAD685006ED7AF /* ShimmerScope.swift in Sources */,
				3DBD2A0428EAD685006ED7AF /* ShimmerElement.swift in Sources */,
				3DBD29F028EAD662006ED7AF /* ShimmerViewStyle.swift in Sources */,
				3DBD29E728EAD656006ED7AF /* UIResponder+Extensions.swift in Sources */,
				3DBD29E828EAD656006ED7AF /* CGRect+Extensions.swift in Sources */,
				3DBD29EF28EAD662006ED7AF /* ShimmerCoreView.Animator.swift in Sources */,
				3DBD29EA28EAD656006ED7AF /* CGPoint+Extensions.swift in Sources */,
				3DBD29E928EAD656006ED7AF /* UIColor+Extensions.swift in Sources */,
				3DBD29EE28EAD662006ED7AF /* ShimmerCoreView.swift in Sources */,
			);
			runOnlyForDeploymentPostprocessing = 0;
		};
		3DF13EF2249792D8005675B8 /* Sources */ = {
			isa = PBXSourcesBuildPhase;
			buildActionMask = 2147483647;
			files = (
				3DBD2A3828EADCFF006ED7AF /* ShimmerCoreViewAnimatorTests.swift in Sources */,
				3DBD2A0E28EAD6F7006ED7AF /* ShimmerSyncTargetTests.swift in Sources */,
				3DBD2A0F28EAD6F7006ED7AF /* ShimmerCoreViewTests.swift in Sources */,
				3DBD2A1028EAD6F7006ED7AF /* ShimmerViewTests.swift in Sources */,
			);
			runOnlyForDeploymentPostprocessing = 0;
		};
/* End PBXSourcesBuildPhase section */

/* Begin PBXTargetDependency section */
		3DF13EF9249792D8005675B8 /* PBXTargetDependency */ = {
			isa = PBXTargetDependency;
			target = 3DF13EEC249792D8005675B8 /* ShimmerView */;
			targetProxy = 3DF13EF8249792D8005675B8 /* PBXContainerItemProxy */;
		};
/* End PBXTargetDependency section */

/* Begin XCBuildConfiguration section */
		3DF13EFF249792D9005675B8 /* Debug */ = {
			isa = XCBuildConfiguration;
			buildSettings = {
				ALWAYS_SEARCH_USER_PATHS = NO;
				CLANG_ANALYZER_NONNULL = YES;
				CLANG_ANALYZER_NUMBER_OBJECT_CONVERSION = YES_AGGRESSIVE;
				CLANG_CXX_LANGUAGE_STANDARD = "gnu++14";
				CLANG_CXX_LIBRARY = "libc++";
				CLANG_ENABLE_MODULES = YES;
				CLANG_ENABLE_OBJC_ARC = YES;
				CLANG_ENABLE_OBJC_WEAK = YES;
				CLANG_WARN_BLOCK_CAPTURE_AUTORELEASING = YES;
				CLANG_WARN_BOOL_CONVERSION = YES;
				CLANG_WARN_COMMA = YES;
				CLANG_WARN_CONSTANT_CONVERSION = YES;
				CLANG_WARN_DEPRECATED_OBJC_IMPLEMENTATIONS = YES;
				CLANG_WARN_DIRECT_OBJC_ISA_USAGE = YES_ERROR;
				CLANG_WARN_DOCUMENTATION_COMMENTS = YES;
				CLANG_WARN_EMPTY_BODY = YES;
				CLANG_WARN_ENUM_CONVERSION = YES;
				CLANG_WARN_INFINITE_RECURSION = YES;
				CLANG_WARN_INT_CONVERSION = YES;
				CLANG_WARN_NON_LITERAL_NULL_CONVERSION = YES;
				CLANG_WARN_OBJC_IMPLICIT_RETAIN_SELF = YES;
				CLANG_WARN_OBJC_LITERAL_CONVERSION = YES;
				CLANG_WARN_OBJC_ROOT_CLASS = YES_ERROR;
				CLANG_WARN_RANGE_LOOP_ANALYSIS = YES;
				CLANG_WARN_STRICT_PROTOTYPES = YES;
				CLANG_WARN_SUSPICIOUS_MOVE = YES;
				CLANG_WARN_UNGUARDED_AVAILABILITY = YES_AGGRESSIVE;
				CLANG_WARN_UNREACHABLE_CODE = YES;
				CLANG_WARN__DUPLICATE_METHOD_MATCH = YES;
				COPY_PHASE_STRIP = NO;
				CURRENT_PROJECT_VERSION = 1;
				DEBUG_INFORMATION_FORMAT = dwarf;
				ENABLE_STRICT_OBJC_MSGSEND = YES;
				ENABLE_TESTABILITY = YES;
				GCC_C_LANGUAGE_STANDARD = gnu11;
				GCC_DYNAMIC_NO_PIC = NO;
				GCC_NO_COMMON_BLOCKS = YES;
				GCC_OPTIMIZATION_LEVEL = 0;
				GCC_PREPROCESSOR_DEFINITIONS = (
					"DEBUG=1",
					"$(inherited)",
				);
				GCC_WARN_64_TO_32_BIT_CONVERSION = YES;
				GCC_WARN_ABOUT_RETURN_TYPE = YES_ERROR;
				GCC_WARN_UNDECLARED_SELECTOR = YES;
				GCC_WARN_UNINITIALIZED_AUTOS = YES_AGGRESSIVE;
				GCC_WARN_UNUSED_FUNCTION = YES;
				GCC_WARN_UNUSED_VARIABLE = YES;
				IPHONEOS_DEPLOYMENT_TARGET = 13.5;
				MTL_ENABLE_DEBUG_INFO = INCLUDE_SOURCE;
				MTL_FAST_MATH = YES;
				ONLY_ACTIVE_ARCH = YES;
				SDKROOT = iphoneos;
				SWIFT_ACTIVE_COMPILATION_CONDITIONS = DEBUG;
				SWIFT_OPTIMIZATION_LEVEL = "-Onone";
				VERSIONING_SYSTEM = "apple-generic";
				VERSION_INFO_PREFIX = "";
			};
			name = Debug;
		};
		3DF13F00249792D9005675B8 /* Release */ = {
			isa = XCBuildConfiguration;
			buildSettings = {
				ALWAYS_SEARCH_USER_PATHS = NO;
				CLANG_ANALYZER_NONNULL = YES;
				CLANG_ANALYZER_NUMBER_OBJECT_CONVERSION = YES_AGGRESSIVE;
				CLANG_CXX_LANGUAGE_STANDARD = "gnu++14";
				CLANG_CXX_LIBRARY = "libc++";
				CLANG_ENABLE_MODULES = YES;
				CLANG_ENABLE_OBJC_ARC = YES;
				CLANG_ENABLE_OBJC_WEAK = YES;
				CLANG_WARN_BLOCK_CAPTURE_AUTORELEASING = YES;
				CLANG_WARN_BOOL_CONVERSION = YES;
				CLANG_WARN_COMMA = YES;
				CLANG_WARN_CONSTANT_CONVERSION = YES;
				CLANG_WARN_DEPRECATED_OBJC_IMPLEMENTATIONS = YES;
				CLANG_WARN_DIRECT_OBJC_ISA_USAGE = YES_ERROR;
				CLANG_WARN_DOCUMENTATION_COMMENTS = YES;
				CLANG_WARN_EMPTY_BODY = YES;
				CLANG_WARN_ENUM_CONVERSION = YES;
				CLANG_WARN_INFINITE_RECURSION = YES;
				CLANG_WARN_INT_CONVERSION = YES;
				CLANG_WARN_NON_LITERAL_NULL_CONVERSION = YES;
				CLANG_WARN_OBJC_IMPLICIT_RETAIN_SELF = YES;
				CLANG_WARN_OBJC_LITERAL_CONVERSION = YES;
				CLANG_WARN_OBJC_ROOT_CLASS = YES_ERROR;
				CLANG_WARN_RANGE_LOOP_ANALYSIS = YES;
				CLANG_WARN_STRICT_PROTOTYPES = YES;
				CLANG_WARN_SUSPICIOUS_MOVE = YES;
				CLANG_WARN_UNGUARDED_AVAILABILITY = YES_AGGRESSIVE;
				CLANG_WARN_UNREACHABLE_CODE = YES;
				CLANG_WARN__DUPLICATE_METHOD_MATCH = YES;
				COPY_PHASE_STRIP = NO;
				CURRENT_PROJECT_VERSION = 1;
				DEBUG_INFORMATION_FORMAT = "dwarf-with-dsym";
				ENABLE_NS_ASSERTIONS = NO;
				ENABLE_STRICT_OBJC_MSGSEND = YES;
				GCC_C_LANGUAGE_STANDARD = gnu11;
				GCC_NO_COMMON_BLOCKS = YES;
				GCC_WARN_64_TO_32_BIT_CONVERSION = YES;
				GCC_WARN_ABOUT_RETURN_TYPE = YES_ERROR;
				GCC_WARN_UNDECLARED_SELECTOR = YES;
				GCC_WARN_UNINITIALIZED_AUTOS = YES_AGGRESSIVE;
				GCC_WARN_UNUSED_FUNCTION = YES;
				GCC_WARN_UNUSED_VARIABLE = YES;
				IPHONEOS_DEPLOYMENT_TARGET = 13.5;
				MTL_ENABLE_DEBUG_INFO = NO;
				MTL_FAST_MATH = YES;
				SDKROOT = iphoneos;
				SWIFT_COMPILATION_MODE = wholemodule;
				SWIFT_OPTIMIZATION_LEVEL = "-O";
				VALIDATE_PRODUCT = YES;
				VERSIONING_SYSTEM = "apple-generic";
				VERSION_INFO_PREFIX = "";
			};
			name = Release;
		};
		3DF13F02249792D9005675B8 /* Debug */ = {
			isa = XCBuildConfiguration;
			buildSettings = {
				CLANG_ENABLE_MODULES = YES;
				CODE_SIGN_STYLE = Manual;
				DEFINES_MODULE = YES;
				DEVELOPMENT_TEAM = "";
				DYLIB_COMPATIBILITY_VERSION = 1;
				DYLIB_CURRENT_VERSION = 1;
				DYLIB_INSTALL_NAME_BASE = "@rpath";
				INFOPLIST_FILE = Sources/Info.plist;
				INSTALL_PATH = "$(LOCAL_LIBRARY_DIR)/Frameworks";
				IPHONEOS_DEPLOYMENT_TARGET = 11.0;
				LD_RUNPATH_SEARCH_PATHS = (
					"$(inherited)",
					"@executable_path/Frameworks",
					"@loader_path/Frameworks",
				);
				PRODUCT_BUNDLE_IDENTIFIER = mercari.ShimmerView;
				PRODUCT_NAME = "$(TARGET_NAME:c99extidentifier)";
				PROVISIONING_PROFILE_SPECIFIER = "";
				"PROVISIONING_PROFILE_SPECIFIER[sdk=macosx*]" = "";
				SKIP_INSTALL = YES;
				SWIFT_OPTIMIZATION_LEVEL = "-Onone";
				SWIFT_VERSION = 5.0;
				TARGETED_DEVICE_FAMILY = "1,2";
			};
			name = Debug;
		};
		3DF13F03249792D9005675B8 /* Release */ = {
			isa = XCBuildConfiguration;
			buildSettings = {
				CLANG_ENABLE_MODULES = YES;
				CODE_SIGN_STYLE = Manual;
				DEFINES_MODULE = YES;
				DEVELOPMENT_TEAM = "";
				DYLIB_COMPATIBILITY_VERSION = 1;
				DYLIB_CURRENT_VERSION = 1;
				DYLIB_INSTALL_NAME_BASE = "@rpath";
				INFOPLIST_FILE = Sources/Info.plist;
				INSTALL_PATH = "$(LOCAL_LIBRARY_DIR)/Frameworks";
				IPHONEOS_DEPLOYMENT_TARGET = 11.0;
				LD_RUNPATH_SEARCH_PATHS = (
					"$(inherited)",
					"@executable_path/Frameworks",
					"@loader_path/Frameworks",
				);
				PRODUCT_BUNDLE_IDENTIFIER = mercari.ShimmerView;
				PRODUCT_NAME = "$(TARGET_NAME:c99extidentifier)";
				PROVISIONING_PROFILE_SPECIFIER = "";
				"PROVISIONING_PROFILE_SPECIFIER[sdk=macosx*]" = "";
				SKIP_INSTALL = YES;
				SWIFT_VERSION = 5.0;
				TARGETED_DEVICE_FAMILY = "1,2";
			};
			name = Release;
		};
		3DF13F05249792D9005675B8 /* Debug */ = {
			isa = XCBuildConfiguration;
			buildSettings = {
				ALWAYS_EMBED_SWIFT_STANDARD_LIBRARIES = YES;
				CODE_SIGN_STYLE = Manual;
				DEVELOPMENT_TEAM = "";
				INFOPLIST_FILE = Tests/Info.plist;
				LD_RUNPATH_SEARCH_PATHS = (
					"$(inherited)",
					"@executable_path/Frameworks",
					"@loader_path/Frameworks",
				);
				PRODUCT_BUNDLE_IDENTIFIER = mercari.ShimmerViewTests;
				PRODUCT_NAME = "$(TARGET_NAME)";
				PROVISIONING_PROFILE_SPECIFIER = "";
				"PROVISIONING_PROFILE_SPECIFIER[sdk=macosx*]" = "";
				SWIFT_VERSION = 5.0;
				TARGETED_DEVICE_FAMILY = "1,2";
			};
			name = Debug;
		};
		3DF13F06249792D9005675B8 /* Release */ = {
			isa = XCBuildConfiguration;
			buildSettings = {
				ALWAYS_EMBED_SWIFT_STANDARD_LIBRARIES = YES;
				CODE_SIGN_STYLE = Manual;
				DEVELOPMENT_TEAM = "";
				INFOPLIST_FILE = Tests/Info.plist;
				LD_RUNPATH_SEARCH_PATHS = (
					"$(inherited)",
					"@executable_path/Frameworks",
					"@loader_path/Frameworks",
				);
				PRODUCT_BUNDLE_IDENTIFIER = mercari.ShimmerViewTests;
				PRODUCT_NAME = "$(TARGET_NAME)";
				PROVISIONING_PROFILE_SPECIFIER = "";
				"PROVISIONING_PROFILE_SPECIFIER[sdk=macosx*]" = "";
				SWIFT_VERSION = 5.0;
				TARGETED_DEVICE_FAMILY = "1,2";
			};
			name = Release;
		};
/* End XCBuildConfiguration section */

/* Begin XCConfigurationList section */
		3DF13EE7249792D8005675B8 /* Build configuration list for PBXProject "ShimmerView" */ = {
			isa = XCConfigurationList;
			buildConfigurations = (
				3DF13EFF249792D9005675B8 /* Debug */,
				3DF13F00249792D9005675B8 /* Release */,
			);
			defaultConfigurationIsVisible = 0;
			defaultConfigurationName = Release;
		};
		3DF13F01249792D9005675B8 /* Build configuration list for PBXNativeTarget "ShimmerView" */ = {
			isa = XCConfigurationList;
			buildConfigurations = (
				3DF13F02249792D9005675B8 /* Debug */,
				3DF13F03249792D9005675B8 /* Release */,
			);
			defaultConfigurationIsVisible = 0;
			defaultConfigurationName = Release;
		};
		3DF13F04249792D9005675B8 /* Build configuration list for PBXNativeTarget "ShimmerViewTests" */ = {
			isa = XCConfigurationList;
			buildConfigurations = (
				3DF13F05249792D9005675B8 /* Debug */,
				3DF13F06249792D9005675B8 /* Release */,
			);
			defaultConfigurationIsVisible = 0;
			defaultConfigurationName = Release;
		};
/* End XCConfigurationList section */
	};
	rootObject = 3DF13EE4249792D8005675B8 /* Project object */;
}
