// !$*UTF8*$!
{
	archiveVersion = 1;
	classes = {
	};
	objectVersion = 50;
	objects = {

/* Begin PBXBuildFile section */
		3D1774EB249B77C400A4C7B5 /* AppDelegate.swift in Sources */ = {isa = PBXBuildFile; fileRef = 3D1774EA249B77C400A4C7B5 /* AppDelegate.swift */; };
		3D1774ED249B77C400A4C7B5 /* SceneDelegate.swift in Sources */ = {isa = PBXBuildFile; fileRef = 3D1774EC249B77C400A4C7B5 /* SceneDelegate.swift */; };
		3D1774EF249B77C400A4C7B5 /* MainViewController.swift in Sources */ = {isa = PBXBuildFile; fileRef = 3D1774EE249B77C400A4C7B5 /* MainViewController.swift */; };
		3D1774F4249B77C500A4C7B5 /* Assets.xcassets in Resources */ = {isa = PBXBuildFile; fileRef = 3D1774F3249B77C500A4C7B5 /* Assets.xcassets */; };
		3D1774F7249B77C500A4C7B5 /* LaunchScreen.storyboard in Resources */ = {isa = PBXBuildFile; fileRef = 3D1774F5249B77C500A4C7B5 /* LaunchScreen.storyboard */; };
		3D177500249B789D00A4C7B5 /* BasicViewController.swift in Sources */ = {isa = PBXBuildFile; fileRef = 3D1774FF249B789D00A4C7B5 /* BasicViewController.swift */; };
		3D17755724A0C0F700A4C7B5 /* SpacerView.swift in Sources */ = {isa = PBXBuildFile; fileRef = 3D17755624A0C0F700A4C7B5 /* SpacerView.swift */; };
		3D17757024A0DF7800A4C7B5 /* ColorInputView.swift in Sources */ = {isa = PBXBuildFile; fileRef = 3D17756F24A0DF7800A4C7B5 /* ColorInputView.swift */; };
		3D17757224A19D9B00A4C7B5 /* NumberInputView.swift in Sources */ = {isa = PBXBuildFile; fileRef = 3D17757124A19D9B00A4C7B5 /* NumberInputView.swift */; };
		3D17757424A1F6EE00A4C7B5 /* ColorElementInputView.swift in Sources */ = {isa = PBXBuildFile; fileRef = 3D17757324A1F6EE00A4C7B5 /* ColorElementInputView.swift */; };
		3D17757624A2041400A4C7B5 /* EffectSpanInputView.swift in Sources */ = {isa = PBXBuildFile; fileRef = 3D17757524A2041400A4C7B5 /* EffectSpanInputView.swift */; };
		3D17757824A2F5C900A4C7B5 /* OutlinedButton.swift in Sources */ = {isa = PBXBuildFile; fileRef = 3D17757724A2F5C900A4C7B5 /* OutlinedButton.swift */; };
		3D17757A24A30FED00A4C7B5 /* TextInputView.swift in Sources */ = {isa = PBXBuildFile; fileRef = 3D17757924A30FED00A4C7B5 /* TextInputView.swift */; };
		3D49EE9924A4436B007F0C60 /* BasicViewModel.swift in Sources */ = {isa = PBXBuildFile; fileRef = 3D49EE9824A4436B007F0C60 /* BasicViewModel.swift */; };
		3D49EE9E24A5F28D007F0C60 /* ListViewController.swift in Sources */ = {isa = PBXBuildFile; fileRef = 3D49EE9D24A5F28D007F0C60 /* ListViewController.swift */; };
		3D49EEA224A5F483007F0C60 /* ListViewCell.xib in Resources */ = {isa = PBXBuildFile; fileRef = 3D49EEA124A5F483007F0C60 /* ListViewCell.xib */; };
		3D49EEA424A5FB56007F0C60 /* ListViewCell.swift in Sources */ = {isa = PBXBuildFile; fileRef = 3D49EEA324A5FB56007F0C60 /* ListViewCell.swift */; };
		3D53F44024A33CEE00AECB38 /* EffectAngleInputView.swift in Sources */ = {isa = PBXBuildFile; fileRef = 3D53F43F24A33CEE00AECB38 /* EffectAngleInputView.swift */; };
		3D53F44224A3435400AECB38 /* UIColor+Extensions.swift in Sources */ = {isa = PBXBuildFile; fileRef = 3D53F44124A3435400AECB38 /* UIColor+Extensions.swift */; };
		3DAC488B24A3705D00D0F581 /* CurrentValueSubject+Extensions.swift in Sources */ = {isa = PBXBuildFile; fileRef = 3DAC488A24A3705D00D0F581 /* CurrentValueSubject+Extensions.swift */; };
		3DAC48A424A3736F00D0F581 /* DisposeBag.swift in Sources */ = {isa = PBXBuildFile; fileRef = 3DAC48A324A3736F00D0F581 /* DisposeBag.swift */; };
/* End PBXBuildFile section */

/* Begin PBXFileReference section */
		3D1774E7249B77C400A4C7B5 /* ShimmerViewSamples.app */ = {isa = PBXFileReference; explicitFileType = wrapper.application; includeInIndex = 0; path = ShimmerViewSamples.app; sourceTree = BUILT_PRODUCTS_DIR; };
		3D1774EA249B77C400A4C7B5 /* AppDelegate.swift */ = {isa = PBXFileReference; lastKnownFileType = sourcecode.swift; path = AppDelegate.swift; sourceTree = "<group>"; };
		3D1774EC249B77C400A4C7B5 /* SceneDelegate.swift */ = {isa = PBXFileReference; lastKnownFileType = sourcecode.swift; path = SceneDelegate.swift; sourceTree = "<group>"; };
		3D1774EE249B77C400A4C7B5 /* MainViewController.swift */ = {isa = PBXFileReference; lastKnownFileType = sourcecode.swift; path = MainViewController.swift; sourceTree = "<group>"; };
		3D1774F3249B77C500A4C7B5 /* Assets.xcassets */ = {isa = PBXFileReference; lastKnownFileType = folder.assetcatalog; path = Assets.xcassets; sourceTree = "<group>"; };
		3D1774F6249B77C500A4C7B5 /* Base */ = {isa = PBXFileReference; lastKnownFileType = file.storyboard; name = Base; path = Base.lproj/LaunchScreen.storyboard; sourceTree = "<group>"; };
		3D1774F8249B77C500A4C7B5 /* Info.plist */ = {isa = PBXFileReference; lastKnownFileType = text.plist.xml; path = Info.plist; sourceTree = "<group>"; };
		3D1774FF249B789D00A4C7B5 /* BasicViewController.swift */ = {isa = PBXFileReference; lastKnownFileType = sourcecode.swift; path = BasicViewController.swift; sourceTree = "<group>"; };
		3D17755624A0C0F700A4C7B5 /* SpacerView.swift */ = {isa = PBXFileReference; lastKnownFileType = sourcecode.swift; path = SpacerView.swift; sourceTree = "<group>"; };
		3D17756F24A0DF7800A4C7B5 /* ColorInputView.swift */ = {isa = PBXFileReference; lastKnownFileType = sourcecode.swift; path = ColorInputView.swift; sourceTree = "<group>"; };
		3D17757124A19D9B00A4C7B5 /* NumberInputView.swift */ = {isa = PBXFileReference; lastKnownFileType = sourcecode.swift; path = NumberInputView.swift; sourceTree = "<group>"; };
		3D17757324A1F6EE00A4C7B5 /* ColorElementInputView.swift */ = {isa = PBXFileReference; lastKnownFileType = sourcecode.swift; path = ColorElementInputView.swift; sourceTree = "<group>"; };
		3D17757524A2041400A4C7B5 /* EffectSpanInputView.swift */ = {isa = PBXFileReference; lastKnownFileType = sourcecode.swift; path = EffectSpanInputView.swift; sourceTree = "<group>"; };
		3D17757724A2F5C900A4C7B5 /* OutlinedButton.swift */ = {isa = PBXFileReference; lastKnownFileType = sourcecode.swift; path = OutlinedButton.swift; sourceTree = "<group>"; };
		3D17757924A30FED00A4C7B5 /* TextInputView.swift */ = {isa = PBXFileReference; lastKnownFileType = sourcecode.swift; path = TextInputView.swift; sourceTree = "<group>"; };
		3D49EE9824A4436B007F0C60 /* BasicViewModel.swift */ = {isa = PBXFileReference; lastKnownFileType = sourcecode.swift; path = BasicViewModel.swift; sourceTree = "<group>"; };
		3D49EE9D24A5F28D007F0C60 /* ListViewController.swift */ = {isa = PBXFileReference; lastKnownFileType = sourcecode.swift; path = ListViewController.swift; sourceTree = "<group>"; };
		3D49EEA124A5F483007F0C60 /* ListViewCell.xib */ = {isa = PBXFileReference; lastKnownFileType = file.xib; path = ListViewCell.xib; sourceTree = "<group>"; };
		3D49EEA324A5FB56007F0C60 /* ListViewCell.swift */ = {isa = PBXFileReference; lastKnownFileType = sourcecode.swift; path = ListViewCell.swift; sourceTree = "<group>"; };
		3D53F43F24A33CEE00AECB38 /* EffectAngleInputView.swift */ = {isa = PBXFileReference; lastKnownFileType = sourcecode.swift; path = EffectAngleInputView.swift; sourceTree = "<group>"; };
		3D53F44124A3435400AECB38 /* UIColor+Extensions.swift */ = {isa = PBXFileReference; lastKnownFileType = sourcecode.swift; path = "UIColor+Extensions.swift"; sourceTree = "<group>"; };
		3DAC488A24A3705D00D0F581 /* CurrentValueSubject+Extensions.swift */ = {isa = PBXFileReference; lastKnownFileType = sourcecode.swift; path = "CurrentValueSubject+Extensions.swift"; sourceTree = "<group>"; };
		3DAC48A324A3736F00D0F581 /* DisposeBag.swift */ = {isa = PBXFileReference; lastKnownFileType = sourcecode.swift; path = DisposeBag.swift; sourceTree = "<group>"; };
/* End PBXFileReference section */

/* Begin PBXFrameworksBuildPhase section */
		3D1774E4249B77C400A4C7B5 /* Frameworks */ = {
			isa = PBXFrameworksBuildPhase;
			buildActionMask = 2147483647;
			files = (
			);
			runOnlyForDeploymentPostprocessing = 0;
		};
/* End PBXFrameworksBuildPhase section */

/* Begin PBXGroup section */
		3D1774DE249B77C400A4C7B5 = {
			isa = PBXGroup;
			children = (
				3D1774E9249B77C400A4C7B5 /* ShimmerViewSamples */,
				3D1774E8249B77C400A4C7B5 /* Products */,
			);
			sourceTree = "<group>";
		};
		3D1774E8249B77C400A4C7B5 /* Products */ = {
			isa = PBXGroup;
			children = (
				3D1774E7249B77C400A4C7B5 /* ShimmerViewSamples.app */,
			);
			name = Products;
			sourceTree = "<group>";
		};
		3D1774E9249B77C400A4C7B5 /* ShimmerViewSamples */ = {
			isa = PBXGroup;
			children = (
				3D49EE9C24A5F273007F0C60 /* List */,
				3DAC48A724A3799B00D0F581 /* CommonUI */,
				3D53F44324A3442C00AECB38 /* Extensions */,
				3D1774FE249B787D00A4C7B5 /* Basic */,
				3D1774EA249B77C400A4C7B5 /* AppDelegate.swift */,
				3D1774EC249B77C400A4C7B5 /* SceneDelegate.swift */,
				3D1774EE249B77C400A4C7B5 /* MainViewController.swift */,
				3D1774F3249B77C500A4C7B5 /* Assets.xcassets */,
				3D1774F5249B77C500A4C7B5 /* LaunchScreen.storyboard */,
				3D1774F8249B77C500A4C7B5 /* Info.plist */,
			);
			path = ShimmerViewSamples;
			sourceTree = "<group>";
		};
		3D1774FE249B787D00A4C7B5 /* Basic */ = {
			isa = PBXGroup;
			children = (
				3D1774FF249B789D00A4C7B5 /* BasicViewController.swift */,
				3D49EE9824A4436B007F0C60 /* BasicViewModel.swift */,
				3D17756F24A0DF7800A4C7B5 /* ColorInputView.swift */,
				3D17757124A19D9B00A4C7B5 /* NumberInputView.swift */,
				3D17757324A1F6EE00A4C7B5 /* ColorElementInputView.swift */,
				3D17757524A2041400A4C7B5 /* EffectSpanInputView.swift */,
				3D53F43F24A33CEE00AECB38 /* EffectAngleInputView.swift */,
			);
			path = Basic;
			sourceTree = "<group>";
		};
		3D49EE9C24A5F273007F0C60 /* List */ = {
			isa = PBXGroup;
			children = (
				3D49EE9D24A5F28D007F0C60 /* ListViewController.swift */,
				3D49EEA324A5FB56007F0C60 /* ListViewCell.swift */,
				3D49EEA124A5F483007F0C60 /* ListViewCell.xib */,
			);
			path = List;
			sourceTree = "<group>";
		};
		3D53F44324A3442C00AECB38 /* Extensions */ = {
			isa = PBXGroup;
			children = (
				3D53F44124A3435400AECB38 /* UIColor+Extensions.swift */,
				3DAC488A24A3705D00D0F581 /* CurrentValueSubject+Extensions.swift */,
				3DAC48A324A3736F00D0F581 /* DisposeBag.swift */,
			);
			path = Extensions;
			sourceTree = "<group>";
		};
		3DAC48A724A3799B00D0F581 /* CommonUI */ = {
			isa = PBXGroup;
			children = (
				3D17757924A30FED00A4C7B5 /* TextInputView.swift */,
				3D17757724A2F5C900A4C7B5 /* OutlinedButton.swift */,
				3D17755624A0C0F700A4C7B5 /* SpacerView.swift */,
			);
			path = CommonUI;
			sourceTree = "<group>";
		};
/* End PBXGroup section */

/* Begin PBXNativeTarget section */
		3D1774E6249B77C400A4C7B5 /* ShimmerViewSamples */ = {
			isa = PBXNativeTarget;
			buildConfigurationList = 3D1774FB249B77C500A4C7B5 /* Build configuration list for PBXNativeTarget "ShimmerViewSamples" */;
			buildPhases = (
				3D1774E3249B77C400A4C7B5 /* Sources */,
				3D1774E4249B77C400A4C7B5 /* Frameworks */,
				3D1774E5249B77C400A4C7B5 /* Resources */,
			);
			buildRules = (
			);
			dependencies = (
			);
			name = ShimmerViewSamples;
			productName = ShimmerViewSamples;
			productReference = 3D1774E7249B77C400A4C7B5 /* ShimmerViewSamples.app */;
			productType = "com.apple.product-type.application";
		};
/* End PBXNativeTarget section */

/* Begin PBXProject section */
		3D1774DF249B77C400A4C7B5 /* Project object */ = {
			isa = PBXProject;
			attributes = {
				LastSwiftUpdateCheck = 1150;
				LastUpgradeCheck = 1150;
				ORGANIZATIONNAME = Mercari;
				TargetAttributes = {
					3D1774E6249B77C400A4C7B5 = {
						CreatedOnToolsVersion = 11.5;
					};
				};
			};
			buildConfigurationList = 3D1774E2249B77C400A4C7B5 /* Build configuration list for PBXProject "ShimmerViewSamples" */;
			compatibilityVersion = "Xcode 9.3";
			developmentRegion = en;
			hasScannedForEncodings = 0;
			knownRegions = (
				en,
				Base,
			);
			mainGroup = 3D1774DE249B77C400A4C7B5;
			productRefGroup = 3D1774E8249B77C400A4C7B5 /* Products */;
			projectDirPath = "";
			projectRoot = "";
			targets = (
				3D1774E6249B77C400A4C7B5 /* ShimmerViewSamples */,
			);
		};
/* End PBXProject section */

/* Begin PBXResourcesBuildPhase section */
		3D1774E5249B77C400A4C7B5 /* Resources */ = {
			isa = PBXResourcesBuildPhase;
			buildActionMask = 2147483647;
			files = (
				3D1774F7249B77C500A4C7B5 /* LaunchScreen.storyboard in Resources */,
				3D1774F4249B77C500A4C7B5 /* Assets.xcassets in Resources */,
				3D49EEA224A5F483007F0C60 /* ListViewCell.xib in Resources */,
			);
			runOnlyForDeploymentPostprocessing = 0;
		};
/* End PBXResourcesBuildPhase section */

/* Begin PBXSourcesBuildPhase section */
		3D1774E3249B77C400A4C7B5 /* Sources */ = {
			isa = PBXSourcesBuildPhase;
			buildActionMask = 2147483647;
			files = (
				3D49EE9E24A5F28D007F0C60 /* ListViewController.swift in Sources */,
				3D1774EF249B77C400A4C7B5 /* MainViewController.swift in Sources */,
				3D17757824A2F5C900A4C7B5 /* OutlinedButton.swift in Sources */,
				3D177500249B789D00A4C7B5 /* BasicViewController.swift in Sources */,
				3D53F44224A3435400AECB38 /* UIColor+Extensions.swift in Sources */,
				3D17757424A1F6EE00A4C7B5 /* ColorElementInputView.swift in Sources */,
				3D53F44024A33CEE00AECB38 /* EffectAngleInputView.swift in Sources */,
				3D1774EB249B77C400A4C7B5 /* AppDelegate.swift in Sources */,
				3D17755724A0C0F700A4C7B5 /* SpacerView.swift in Sources */,
				3DAC48A424A3736F00D0F581 /* DisposeBag.swift in Sources */,
				3DAC488B24A3705D00D0F581 /* CurrentValueSubject+Extensions.swift in Sources */,
				3D17757624A2041400A4C7B5 /* EffectSpanInputView.swift in Sources */,
				3D1774ED249B77C400A4C7B5 /* SceneDelegate.swift in Sources */,
				3D17757024A0DF7800A4C7B5 /* ColorInputView.swift in Sources */,
				3D49EE9924A4436B007F0C60 /* BasicViewModel.swift in Sources */,
				3D17757224A19D9B00A4C7B5 /* NumberInputView.swift in Sources */,
				3D49EEA424A5FB56007F0C60 /* ListViewCell.swift in Sources */,
				3D17757A24A30FED00A4C7B5 /* TextInputView.swift in Sources */,
			);
			runOnlyForDeploymentPostprocessing = 0;
		};
/* End PBXSourcesBuildPhase section */

/* Begin PBXVariantGroup section */
		3D1774F5249B77C500A4C7B5 /* LaunchScreen.storyboard */ = {
			isa = PBXVariantGroup;
			children = (
				3D1774F6249B77C500A4C7B5 /* Base */,
			);
			name = LaunchScreen.storyboard;
			sourceTree = "<group>";
		};
/* End PBXVariantGroup section */

/* Begin XCBuildConfiguration section */
		3D1774F9249B77C500A4C7B5 /* Debug */ = {
			isa = XCBuildConfiguration;
			buildSettings = {
				ALWAYS_SEARCH_USER_PATHS = NO;
				CLANG_ANALYZER_NONNULL = YES;
				CLANG_ANALYZER_NUMBER_OBJECT_CONVERSION = YES_AGGRESSIVE;
				CLANG_CXX_LANGUAGE_STANDARD = "gnu++14";
				CLANG_CXX_LIBRARY = "libc++";
				CLANG_ENABLE_MODULES = YES;
				CLANG_ENABLE_OBJC_ARC = YES;
				CLANG_ENABLE_OBJC_WEAK = YES;
				CLANG_WARN_BLOCK_CAPTURE_AUTORELEASING = YES;
				CLANG_WARN_BOOL_CONVERSION = YES;
				CLANG_WARN_COMMA = YES;
				CLANG_WARN_CONSTANT_CONVERSION = YES;
				CLANG_WARN_DEPRECATED_OBJC_IMPLEMENTATIONS = YES;
				CLANG_WARN_DIRECT_OBJC_ISA_USAGE = YES_ERROR;
				CLANG_WARN_DOCUMENTATION_COMMENTS = YES;
				CLANG_WARN_EMPTY_BODY = YES;
				CLANG_WARN_ENUM_CONVERSION = YES;
				CLANG_WARN_INFINITE_RECURSION = YES;
				CLANG_WARN_INT_CONVERSION = YES;
				CLANG_WARN_NON_LITERAL_NULL_CONVERSION = YES;
				CLANG_WARN_OBJC_IMPLICIT_RETAIN_SELF = YES;
				CLANG_WARN_OBJC_LITERAL_CONVERSION = YES;
				CLANG_WARN_OBJC_ROOT_CLASS = YES_ERROR;
				CLANG_WARN_RANGE_LOOP_ANALYSIS = YES;
				CLANG_WARN_STRICT_PROTOTYPES = YES;
				CLANG_WARN_SUSPICIOUS_MOVE = YES;
				CLANG_WARN_UNGUARDED_AVAILABILITY = YES_AGGRESSIVE;
				CLANG_WARN_UNREACHABLE_CODE = YES;
				CLANG_WARN__DUPLICATE_METHOD_MATCH = YES;
				COPY_PHASE_STRIP = NO;
				DEBUG_INFORMATION_FORMAT = dwarf;
				ENABLE_STRICT_OBJC_MSGSEND = YES;
				ENABLE_TESTABILITY = YES;
				GCC_C_LANGUAGE_STANDARD = gnu11;
				GCC_DYNAMIC_NO_PIC = NO;
				GCC_NO_COMMON_BLOCKS = YES;
				GCC_OPTIMIZATION_LEVEL = 0;
				GCC_PREPROCESSOR_DEFINITIONS = (
					"DEBUG=1",
					"$(inherited)",
				);
				GCC_WARN_64_TO_32_BIT_CONVERSION = YES;
				GCC_WARN_ABOUT_RETURN_TYPE = YES_ERROR;
				GCC_WARN_UNDECLARED_SELECTOR = YES;
				GCC_WARN_UNINITIALIZED_AUTOS = YES_AGGRESSIVE;
				GCC_WARN_UNUSED_FUNCTION = YES;
				GCC_WARN_UNUSED_VARIABLE = YES;
				IPHONEOS_DEPLOYMENT_TARGET = 13.5;
				MTL_ENABLE_DEBUG_INFO = INCLUDE_SOURCE;
				MTL_FAST_MATH = YES;
				ONLY_ACTIVE_ARCH = YES;
				SDKROOT = iphoneos;
				SWIFT_ACTIVE_COMPILATION_CONDITIONS = DEBUG;
				SWIFT_OPTIMIZATION_LEVEL = "-Onone";
			};
			name = Debug;
		};
		3D1774FA249B77C500A4C7B5 /* Release */ = {
			isa = XCBuildConfiguration;
			buildSettings = {
				ALWAYS_SEARCH_USER_PATHS = NO;
				CLANG_ANALYZER_NONNULL = YES;
				CLANG_ANALYZER_NUMBER_OBJECT_CONVERSION = YES_AGGRESSIVE;
				CLANG_CXX_LANGUAGE_STANDARD = "gnu++14";
				CLANG_CXX_LIBRARY = "libc++";
				CLANG_ENABLE_MODULES = YES;
				CLANG_ENABLE_OBJC_ARC = YES;
				CLANG_ENABLE_OBJC_WEAK = YES;
				CLANG_WARN_BLOCK_CAPTURE_AUTORELEASING = YES;
				CLANG_WARN_BOOL_CONVERSION = YES;
				CLANG_WARN_COMMA = YES;
				CLANG_WARN_CONSTANT_CONVERSION = YES;
				CLANG_WARN_DEPRECATED_OBJC_IMPLEMENTATIONS = YES;
				CLANG_WARN_DIRECT_OBJC_ISA_USAGE = YES_ERROR;
				CLANG_WARN_DOCUMENTATION_COMMENTS = YES;
				CLANG_WARN_EMPTY_BODY = YES;
				CLANG_WARN_ENUM_CONVERSION = YES;
				CLANG_WARN_INFINITE_RECURSION = YES;
				CLANG_WARN_INT_CONVERSION = YES;
				CLANG_WARN_NON_LITERAL_NULL_CONVERSION = YES;
				CLANG_WARN_OBJC_IMPLICIT_RETAIN_SELF = YES;
				CLANG_WARN_OBJC_LITERAL_CONVERSION = YES;
				CLANG_WARN_OBJC_ROOT_CLASS = YES_ERROR;
				CLANG_WARN_RANGE_LOOP_ANALYSIS = YES;
				CLANG_WARN_STRICT_PROTOTYPES = YES;
				CLANG_WARN_SUSPICIOUS_MOVE = YES;
				CLANG_WARN_UNGUARDED_AVAILABILITY = YES_AGGRESSIVE;
				CLANG_WARN_UNREACHABLE_CODE = YES;
				CLANG_WARN__DUPLICATE_METHOD_MATCH = YES;
				COPY_PHASE_STRIP = NO;
				DEBUG_INFORMATION_FORMAT = "dwarf-with-dsym";
				ENABLE_NS_ASSERTIONS = NO;
				ENABLE_STRICT_OBJC_MSGSEND = YES;
				GCC_C_LANGUAGE_STANDARD = gnu11;
				GCC_NO_COMMON_BLOCKS = YES;
				GCC_WARN_64_TO_32_BIT_CONVERSION = YES;
				GCC_WARN_ABOUT_RETURN_TYPE = YES_ERROR;
				GCC_WARN_UNDECLARED_SELECTOR = YES;
				GCC_WARN_UNINITIALIZED_AUTOS = YES_AGGRESSIVE;
				GCC_WARN_UNUSED_FUNCTION = YES;
				GCC_WARN_UNUSED_VARIABLE = YES;
				IPHONEOS_DEPLOYMENT_TARGET = 13.5;
				MTL_ENABLE_DEBUG_INFO = NO;
				MTL_FAST_MATH = YES;
				SDKROOT = iphoneos;
				SWIFT_COMPILATION_MODE = wholemodule;
				SWIFT_OPTIMIZATION_LEVEL = "-O";
				VALIDATE_PRODUCT = YES;
			};
			name = Release;
		};
		3D1774FC249B77C500A4C7B5 /* Debug */ = {
			isa = XCBuildConfiguration;
			buildSettings = {
				ASSETCATALOG_COMPILER_APPICON_NAME = AppIcon;
				CODE_SIGN_STYLE = Automatic;
				DEVELOPMENT_TEAM = K69VE4UMZN;
				INFOPLIST_FILE = ShimmerViewSamples/Info.plist;
				LD_RUNPATH_SEARCH_PATHS = (
					"$(inherited)",
					"@executable_path/Frameworks",
				);
				PRODUCT_BUNDLE_IDENTIFIER = mercari.ShimmerViewSamples;
				PRODUCT_NAME = "$(TARGET_NAME)";
				SWIFT_VERSION = 5.0;
				TARGETED_DEVICE_FAMILY = "1,2";
			};
			name = Debug;
		};
		3D1774FD249B77C500A4C7B5 /* Release */ = {
			isa = XCBuildConfiguration;
			buildSettings = {
				ASSETCATALOG_COMPILER_APPICON_NAME = AppIcon;
				CODE_SIGN_STYLE = Automatic;
				DEVELOPMENT_TEAM = K69VE4UMZN;
				INFOPLIST_FILE = ShimmerViewSamples/Info.plist;
				LD_RUNPATH_SEARCH_PATHS = (
					"$(inherited)",
					"@executable_path/Frameworks",
				);
				PRODUCT_BUNDLE_IDENTIFIER = mercari.ShimmerViewSamples;
				PRODUCT_NAME = "$(TARGET_NAME)";
				SWIFT_VERSION = 5.0;
				TARGETED_DEVICE_FAMILY = "1,2";
			};
			name = Release;
		};
/* End XCBuildConfiguration section */

/* Begin XCConfigurationList section */
		3D1774E2249B77C400A4C7B5 /* Build configuration list for PBXProject "ShimmerViewSamples" */ = {
			isa = XCConfigurationList;
			buildConfigurations = (
				3D1774F9249B77C500A4C7B5 /* Debug */,
				3D1774FA249B77C500A4C7B5 /* Release */,
			);
			defaultConfigurationIsVisible = 0;
			defaultConfigurationName = Release;
		};
		3D1774FB249B77C500A4C7B5 /* Build configuration list for PBXNativeTarget "ShimmerViewSamples" */ = {
			isa = XCConfigurationList;
			buildConfigurations = (
				3D1774FC249B77C500A4C7B5 /* Debug */,
				3D1774FD249B77C500A4C7B5 /* Release */,
			);
			defaultConfigurationIsVisible = 0;
			defaultConfigurationName = Release;
		};
/* End XCConfigurationList section */
	};
	rootObject = 3D1774DF249B77C400A4C7B5 /* Project object */;
}
